# THIS IS AN AUTOGENERATED FILE. DO NOT EDIT THIS FILE DIRECTLY.
# yarn lockfile v1


"@cropper/element-canvas@^2.0.0":
  version "2.0.0"
  resolved "https://registry.npmjs.org/@cropper/element-canvas/-/element-canvas-2.0.0.tgz"
  integrity sha512-GPtGJgSm92crJhhhwUsaMw3rz2KfJWWSz7kRAlufFEV/EHTP5+6r6/Z1BCGRna830i+Avqbm435XLOtA7PVJwA==
  dependencies:
    "@cropper/element" "^2.0.0"
    "@cropper/utils" "^2.0.0"

"@cropper/element-crosshair@^2.0.0":
  version "2.0.0"
  resolved "https://registry.npmjs.org/@cropper/element-crosshair/-/element-crosshair-2.0.0.tgz"
  integrity sha512-KfPfyrdeFvUC31Ws7ATtcalWWSaMtrC6bMoCipZhqbUOE7wZoL4ecDSL6BUOZxPa74awZUqfzirCDjHvheBfyw==
  dependencies:
    "@cropper/element" "^2.0.0"
    "@cropper/utils" "^2.0.0"

"@cropper/element-grid@^2.0.0":
  version "2.0.0"
  resolved "https://registry.npmjs.org/@cropper/element-grid/-/element-grid-2.0.0.tgz"
  integrity sha512-i78SQ0IJTLFveKX6P7svkfMYVdgHrQ8ZmmEw8keFy9n1ZVbK+SK0UHK5FNMRNI/gtVhKJOGEnK/zeyjUdj4Iyw==
  dependencies:
    "@cropper/element" "^2.0.0"
    "@cropper/utils" "^2.0.0"

"@cropper/element-handle@^2.0.0":
  version "2.0.0"
  resolved "https://registry.npmjs.org/@cropper/element-handle/-/element-handle-2.0.0.tgz"
  integrity sha512-ZJvW+0MkK9E8xYymGdoruaQn2kwjSHFpNSWinjyq6csuVQiCPxlX5ovAEDldmZ9MWePPtWEi3vLKQOo2Yb0T8g==
  dependencies:
    "@cropper/element" "^2.0.0"
    "@cropper/utils" "^2.0.0"

"@cropper/element-image@^2.0.0":
  version "2.0.0"
  resolved "https://registry.npmjs.org/@cropper/element-image/-/element-image-2.0.0.tgz"
  integrity sha512-9BxiTS/aHRmrjopaFQb9mQQXmx4ruhYHGkDZMVz24AXpMFjUY6OpqrWse/WjzD9tfhMFvEdu17b3VAekcAgpeg==
  dependencies:
    "@cropper/element" "^2.0.0"
    "@cropper/element-canvas" "^2.0.0"
    "@cropper/utils" "^2.0.0"

"@cropper/element-selection@^2.0.0":
  version "2.0.0"
  resolved "https://registry.npmjs.org/@cropper/element-selection/-/element-selection-2.0.0.tgz"
  integrity sha512-ensNnbIfJsJ8bhbJTH/RXtk2URFvTOO4TvfRk461n2FPEC588D7rwBmUJxQg74IiTi4y1JbCI+6j+4LyzYBLCQ==
  dependencies:
    "@cropper/element" "^2.0.0"
    "@cropper/element-canvas" "^2.0.0"
    "@cropper/element-image" "^2.0.0"
    "@cropper/utils" "^2.0.0"

"@cropper/element-shade@^2.0.0":
  version "2.0.0"
  resolved "https://registry.npmjs.org/@cropper/element-shade/-/element-shade-2.0.0.tgz"
  integrity sha512-jv/2bbNZnhU4W+T4G0c8ADocLIZvQFTXgCf2RFDNhI5UVxurzWBnDdb8Mx8LnVplnkTqO+xUmHZYve0CwgWo+Q==
  dependencies:
    "@cropper/element" "^2.0.0"
    "@cropper/element-canvas" "^2.0.0"
    "@cropper/element-selection" "^2.0.0"
    "@cropper/utils" "^2.0.0"

"@cropper/element-viewer@^2.0.0":
  version "2.0.0"
  resolved "https://registry.npmjs.org/@cropper/element-viewer/-/element-viewer-2.0.0.tgz"
  integrity sha512-zY+3VRN5TvpM8twlphYtXw0tzJL2VgzeK7ufhL1BixVqOdRxwP13TprYIhqwGt9EW/SyJZUiaIu396T89kRX8A==
  dependencies:
    "@cropper/element" "^2.0.0"
    "@cropper/element-canvas" "^2.0.0"
    "@cropper/element-image" "^2.0.0"
    "@cropper/element-selection" "^2.0.0"
    "@cropper/utils" "^2.0.0"

"@cropper/element@^2.0.0":
  version "2.0.0"
  resolved "https://registry.npmjs.org/@cropper/element/-/element-2.0.0.tgz"
  integrity sha512-lsthn0nQq73GExUE7Mg/ss6Q3RXADGDv055hxoLFwvl/wGHgy6ZkYlfLZ/VmgBHC6jDK5IgPBFnqrPqlXWSGBA==
  dependencies:
    "@cropper/utils" "^2.0.0"

"@cropper/elements@^2.0.0":
  version "2.0.0"
  resolved "https://registry.npmjs.org/@cropper/elements/-/elements-2.0.0.tgz"
  integrity sha512-PQkPo1nUjxLFUQuHYu+6atfHxpX9B41Xribao6wpvmvmNIFML6LQdNqqWYb6LyM7ujsu71CZdBiMT5oetjJVoQ==
  dependencies:
    "@cropper/element" "^2.0.0"
    "@cropper/element-canvas" "^2.0.0"
    "@cropper/element-crosshair" "^2.0.0"
    "@cropper/element-grid" "^2.0.0"
    "@cropper/element-handle" "^2.0.0"
    "@cropper/element-image" "^2.0.0"
    "@cropper/element-selection" "^2.0.0"
    "@cropper/element-shade" "^2.0.0"
    "@cropper/element-viewer" "^2.0.0"

"@cropper/utils@^2.0.0":
  version "2.0.0"
  resolved "https://registry.npmjs.org/@cropper/utils/-/utils-2.0.0.tgz"
  integrity sha512-cprLYr+7kK3faGgoOsTW9gIn5sefDr2KwOmgyjzIXk+8PLpW8FgFKEg5FoWfRD5zMAmkCBuX6rGKDK3VdUEGrg==

"@esbuild/darwin-arm64@0.25.0":
  version "0.25.0"
  resolved "https://registry.npmjs.org/@esbuild/darwin-arm64/-/darwin-arm64-0.25.0.tgz"
  integrity sha512-mVwdUb5SRkPayVadIOI78K7aAnPamoeFR2bT5nszFUZ9P8UpK4ratOdYbZZXYSqPKMHfS1wdHCJk1P1EZpRdvw==

"@hotwired/stimulus@^3.2.2":
  version "3.2.2"
  resolved "https://registry.npmjs.org/@hotwired/stimulus/-/stimulus-3.2.2.tgz"
  integrity sha512-eGeIqNOQpXoPAIP7tC1+1Yc1yl1xnwYqg+3mzqxyrbE5pg5YFBZcA6YoTiByJB6DKAEsiWtl6tjTJS4IYtbB7A==

"@hotwired/turbo-rails@^8.0.12":
  version "8.0.12"
  resolved "https://registry.npmjs.org/@hotwired/turbo-rails/-/turbo-rails-8.0.12.tgz"
  integrity sha512-ZXwu9ez+Gd4RQNeHIitqOQgi/LyqY8J4JqsUN0nnYiZDBRq7IreeFdMbz29VdJpIsmYqwooE4cFzPU7QvJkQkA==
  dependencies:
    "@hotwired/turbo" "^8.0.12"
    "@rails/actioncable" "^7.0"

"@hotwired/turbo@^8.0.12":
  version "8.0.12"
  resolved "https://registry.npmjs.org/@hotwired/turbo/-/turbo-8.0.12.tgz"
  integrity sha512-l3BiQRkD7qrnQv6ms6sqPLczvwbQpXt5iAVwjDvX0iumrz6yEonQkNAzNjeDX25/OJMFDTxpHjkJZHGpM9ikWw==

"@parcel/watcher-darwin-arm64@2.5.1":
  version "2.5.1"
  resolved "https://registry.npmjs.org/@parcel/watcher-darwin-arm64/-/watcher-darwin-arm64-2.5.1.tgz"
  integrity sha512-eAzPv5osDmZyBhou8PoF4i6RQXAfeKL9tjb3QzYuccXFMQU0ruIc/POh30ePnaOyD1UXdlKguHBmsTs53tVoPw==

"@parcel/watcher@^2.5.1":
  version "2.5.1"
  resolved "https://registry.npmjs.org/@parcel/watcher/-/watcher-2.5.1.tgz"
  integrity sha512-dfUnCxiN9H4ap84DvD2ubjw+3vUNpstxa0TneY/Paat8a3R4uQZDLSvWjmznAY/DoahqTHl9V46HF/Zs3F29pg==
  dependencies:
    detect-libc "^1.0.3"
    is-glob "^4.0.3"
    micromatch "^4.0.5"
    node-addon-api "^7.0.0"
  optionalDependencies:
    "@parcel/watcher-android-arm64" "2.5.1"
    "@parcel/watcher-darwin-arm64" "2.5.1"
    "@parcel/watcher-darwin-x64" "2.5.1"
    "@parcel/watcher-freebsd-x64" "2.5.1"
    "@parcel/watcher-linux-arm-glibc" "2.5.1"
    "@parcel/watcher-linux-arm-musl" "2.5.1"
    "@parcel/watcher-linux-arm64-glibc" "2.5.1"
    "@parcel/watcher-linux-arm64-musl" "2.5.1"
    "@parcel/watcher-linux-x64-glibc" "2.5.1"
    "@parcel/watcher-linux-x64-musl" "2.5.1"
    "@parcel/watcher-win32-arm64" "2.5.1"
    "@parcel/watcher-win32-ia32" "2.5.1"
    "@parcel/watcher-win32-x64" "2.5.1"

"@rails/actioncable@^7.0":
  version "7.2.201"
  resolved "https://registry.npmjs.org/@rails/actioncable/-/actioncable-7.2.201.tgz"
  integrity sha512-wsTdWoZ5EfG5k3t7ORdyQF0ZmDEgN4aVPCanHAiNEwCROqibSZMXXmCbH7IDJUVri4FOeAVwwbPINI7HVHPKBw==

"@tailwindcss/cli@^4.0.9":
  version "4.0.9"
  resolved "https://registry.npmjs.org/@tailwindcss/cli/-/cli-4.0.9.tgz"
  integrity sha512-obJvIxu4SCA3PLQYDB7tz9Biv3LFB6+YM/DXNNqwjEMRBNr7Y7LLBk3Cl6xwM+/TxJlA2rEV/t+XwkbldcxeXA==
  dependencies:
    "@parcel/watcher" "^2.5.1"
    "@tailwindcss/node" "4.0.9"
    "@tailwindcss/oxide" "4.0.9"
    enhanced-resolve "^5.18.1"
    lightningcss "^1.29.1"
    mri "^1.2.0"
    picocolors "^1.1.1"
    tailwindcss "4.0.9"

"@tailwindcss/node@4.0.9":
  version "4.0.9"
  resolved "https://registry.npmjs.org/@tailwindcss/node/-/node-4.0.9.tgz"
  integrity sha512-tOJvdI7XfJbARYhxX+0RArAhmuDcczTC46DGCEziqxzzbIaPnfYaIyRT31n4u8lROrsO7Q6u/K9bmQHL2uL1bQ==
  dependencies:
    enhanced-resolve "^5.18.1"
    jiti "^2.4.2"
    tailwindcss "4.0.9"

"@tailwindcss/oxide-darwin-arm64@4.0.9":
  version "4.0.9"
  resolved "https://registry.npmjs.org/@tailwindcss/oxide-darwin-arm64/-/oxide-darwin-arm64-4.0.9.tgz"
  integrity sha512-pWdl4J2dIHXALgy2jVkwKBmtEb73kqIfMpYmcgESr7oPQ+lbcQ4+tlPeVXaSAmang+vglAfFpXQCOvs/aGSqlw==

"@tailwindcss/oxide@4.0.9":
  version "4.0.9"
  resolved "https://registry.npmjs.org/@tailwindcss/oxide/-/oxide-4.0.9.tgz"
  integrity sha512-eLizHmXFqHswJONwfqi/WZjtmWZpIalpvMlNhTM99/bkHtUs6IqgI1XQ0/W5eO2HiRQcIlXUogI2ycvKhVLNcA==
  optionalDependencies:
    "@tailwindcss/oxide-android-arm64" "4.0.9"
    "@tailwindcss/oxide-darwin-arm64" "4.0.9"
    "@tailwindcss/oxide-darwin-x64" "4.0.9"
    "@tailwindcss/oxide-freebsd-x64" "4.0.9"
    "@tailwindcss/oxide-linux-arm-gnueabihf" "4.0.9"
    "@tailwindcss/oxide-linux-arm64-gnu" "4.0.9"
    "@tailwindcss/oxide-linux-arm64-musl" "4.0.9"
    "@tailwindcss/oxide-linux-x64-gnu" "4.0.9"
    "@tailwindcss/oxide-linux-x64-musl" "4.0.9"
    "@tailwindcss/oxide-win32-arm64-msvc" "4.0.9"
    "@tailwindcss/oxide-win32-x64-msvc" "4.0.9"

braces@^3.0.3:
  version "3.0.3"
  resolved "https://registry.npmjs.org/braces/-/braces-3.0.3.tgz"
  integrity sha512-yQbXgO/OSZVD2IsiLlro+7Hf6Q18EJrKSEsdoMzKePKXct3gvD8oLcOQdIzGupr5Fj+EDe8gO/lxc1BzfMpxvA==
  dependencies:
    fill-range "^7.1.1"

cropperjs@^2.0.0:
  version "2.0.0"
  resolved "https://registry.npmjs.org/cropperjs/-/cropperjs-2.0.0.tgz"
  integrity sha512-TO2j0Qre01kPHbow4FuTrbdEB4jTmGRySxW49jyEIqlJZuEBfrvCTT0vC3eRB2WBXudDfKi1Onako6DKWKxeAQ==
  dependencies:
    "@cropper/elements" "^2.0.0"
    "@cropper/utils" "^2.0.0"

detect-libc@^1.0.3:
  version "1.0.3"
  resolved "https://registry.npmjs.org/detect-libc/-/detect-libc-1.0.3.tgz"
  integrity sha512-pGjwhsmsp4kL2RTz08wcOlGN83otlqHeD/Z5T8GXZB+/YcpQ/dgo+lbU8ZsGxV0HIvqqxo9l7mqYwyYMD9bKDg==

enhanced-resolve@^5.18.1:
  version "5.18.1"
  resolved "https://registry.npmjs.org/enhanced-resolve/-/enhanced-resolve-5.18.1.tgz"
  integrity sha512-ZSW3ma5GkcQBIpwZTSRAI8N71Uuwgs93IezB7mf7R60tC8ZbJideoDNKjHn2O9KIlx6rkGTTEk1xUCK2E1Y2Yg==
  dependencies:
    graceful-fs "^4.2.4"
    tapable "^2.2.0"

esbuild@^0.25.0:
  version "0.25.0"
  resolved "https://registry.npmjs.org/esbuild/-/esbuild-0.25.0.tgz"
  integrity sha512-BXq5mqc8ltbaN34cDqWuYKyNhX8D/Z0J1xdtdQ8UcIIIyJyz+ZMKUt58tF3SrZ85jcfN/PZYhjR5uDQAYNVbuw==
  optionalDependencies:
    "@esbuild/aix-ppc64" "0.25.0"
    "@esbuild/android-arm" "0.25.0"
    "@esbuild/android-arm64" "0.25.0"
    "@esbuild/android-x64" "0.25.0"
    "@esbuild/darwin-arm64" "0.25.0"
    "@esbuild/darwin-x64" "0.25.0"
    "@esbuild/freebsd-arm64" "0.25.0"
    "@esbuild/freebsd-x64" "0.25.0"
    "@esbuild/linux-arm" "0.25.0"
    "@esbuild/linux-arm64" "0.25.0"
    "@esbuild/linux-ia32" "0.25.0"
    "@esbuild/linux-loong64" "0.25.0"
    "@esbuild/linux-mips64el" "0.25.0"
    "@esbuild/linux-ppc64" "0.25.0"
    "@esbuild/linux-riscv64" "0.25.0"
    "@esbuild/linux-s390x" "0.25.0"
    "@esbuild/linux-x64" "0.25.0"
    "@esbuild/netbsd-arm64" "0.25.0"
    "@esbuild/netbsd-x64" "0.25.0"
    "@esbuild/openbsd-arm64" "0.25.0"
    "@esbuild/openbsd-x64" "0.25.0"
    "@esbuild/sunos-x64" "0.25.0"
    "@esbuild/win32-arm64" "0.25.0"
    "@esbuild/win32-ia32" "0.25.0"
    "@esbuild/win32-x64" "0.25.0"

fill-range@^7.1.1:
  version "7.1.1"
  resolved "https://registry.npmjs.org/fill-range/-/fill-range-7.1.1.tgz"
  integrity sha512-YsGpe3WHLK8ZYi4tWDg2Jy3ebRz2rXowDxnld4bkQB00cc/1Zw9AWnC0i9ztDJitivtQvaI9KaLyKrc+hBW0yg==
  dependencies:
    to-regex-range "^5.0.1"

graceful-fs@^4.2.4:
  version "4.2.11"
  resolved "https://registry.npmjs.org/graceful-fs/-/graceful-fs-4.2.11.tgz"
  integrity sha512-RbJ5/jmFcNNCcDV5o9eTnBLJ/HszWV0P73bc+Ff4nS/rJj+YaS6IGyiOL0VoBYX+l1Wrl3k63h/KrH+nhJ0XvQ==

is-extglob@^2.1.1:
  version "2.1.1"
  resolved "https://registry.npmjs.org/is-extglob/-/is-extglob-2.1.1.tgz"
  integrity sha512-SbKbANkN603Vi4jEZv49LeVJMn4yGwsbzZworEoyEiutsN3nJYdbO36zfhGJ6QEDpOZIFkDtnq5JRxmvl3jsoQ==

is-glob@^4.0.3:
  version "4.0.3"
  resolved "https://registry.npmjs.org/is-glob/-/is-glob-4.0.3.tgz"
  integrity sha512-xelSayHH36ZgE7ZWhli7pW34hNbNl8Ojv5KVmkJD4hBdD3th8Tfk9vYasLM+mXWOZhFkgZfxhLSnrwRr4elSSg==
  dependencies:
    is-extglob "^2.1.1"

is-number@^7.0.0:
  version "7.0.0"
  resolved "https://registry.npmjs.org/is-number/-/is-number-7.0.0.tgz"
  integrity sha512-41Cifkg6e8TylSpdtTpeLVMqvSBEVzTttHvERD741+pnZ8ANv0004MRL43QKPDlK9cGvNp6NZWZUBlbGXYxxng==

jiti@^2.4.2:
  version "2.4.2"
  resolved "https://registry.npmjs.org/jiti/-/jiti-2.4.2.tgz"
  integrity sha512-rg9zJN+G4n2nfJl5MW3BMygZX56zKPNVEYYqq7adpmMh4Jn2QNEwhvQlFy6jPVdcod7txZtKHWnyZiA3a0zP7A==

lightningcss-darwin-arm64@1.29.1:
  version "1.29.1"
  resolved "https://registry.npmjs.org/lightningcss-darwin-arm64/-/lightningcss-darwin-arm64-1.29.1.tgz"
  integrity sha512-HtR5XJ5A0lvCqYAoSv2QdZZyoHNttBpa5EP9aNuzBQeKGfbyH5+UipLWvVzpP4Uml5ej4BYs5I9Lco9u1fECqw==

lightningcss@^1.29.1:
  version "1.29.1"
  resolved "https://registry.npmjs.org/lightningcss/-/lightningcss-1.29.1.tgz"
  integrity sha512-FmGoeD4S05ewj+AkhTY+D+myDvXI6eL27FjHIjoyUkO/uw7WZD1fBVs0QxeYWa7E17CUHJaYX/RUGISCtcrG4Q==
  dependencies:
    detect-libc "^1.0.3"
  optionalDependencies:
    lightningcss-darwin-arm64 "1.29.1"
    lightningcss-darwin-x64 "1.29.1"
    lightningcss-freebsd-x64 "1.29.1"
    lightningcss-linux-arm-gnueabihf "1.29.1"
    lightningcss-linux-arm64-gnu "1.29.1"
    lightningcss-linux-arm64-musl "1.29.1"
    lightningcss-linux-x64-gnu "1.29.1"
    lightningcss-linux-x64-musl "1.29.1"
    lightningcss-win32-arm64-msvc "1.29.1"
    lightningcss-win32-x64-msvc "1.29.1"

lucide@^0.477.0:
  version "0.477.0"
  resolved "https://registry.npmjs.org/lucide/-/lucide-0.477.0.tgz"
  integrity sha512-lEgt1ni9sKohbLsYWSnM3mKVRkvUrJ3Ijj01RAdM5F0iyvxkCcy3gPrb1G2ux6zE4y20ptcitfMa0OOFXI57gw==

micromatch@^4.0.5:
  version "4.0.8"
  resolved "https://registry.npmjs.org/micromatch/-/micromatch-4.0.8.tgz"
  integrity sha512-PXwfBhYu0hBCPw8Dn0E+WDYb7af3dSLVWKi3HGv84IdF4TyFoC0ysxFd0Goxw7nSv4T/PzEJQxsYsEiFCKo2BA==
  dependencies:
    braces "^3.0.3"
    picomatch "^2.3.1"

mri@^1.2.0:
  version "1.2.0"
  resolved "https://registry.npmjs.org/mri/-/mri-1.2.0.tgz"
  integrity sha512-tzzskb3bG8LvYGFF/mDTpq3jpI6Q9wc3LEmBaghu+DdCssd1FakN7Bc0hVNmEyGq1bq3RgfkCb3cmQLpNPOroA==

node-addon-api@^7.0.0:
  version "7.1.1"
  resolved "https://registry.npmjs.org/node-addon-api/-/node-addon-api-7.1.1.tgz"
  integrity sha512-5m3bsyrjFWE1xf7nz7YXdN4udnVtXK6/Yfgn5qnahL6bCkf2yKt4k3nuTKAtT4r3IG8JNR2ncsIMdZuAzJjHQQ==

picocolors@^1.1.1:
  version "1.1.1"
  resolved "https://registry.npmjs.org/picocolors/-/picocolors-1.1.1.tgz"
  integrity sha512-xceH2snhtb5M9liqDsmEw56le376mTZkEX/jEb/RxNFyegNul7eNslCXP9FDj/Lcu0X8KEyMceP2ntpaHrDEVA==

picomatch@^2.3.1:
  version "2.3.1"
  resolved "https://registry.npmjs.org/picomatch/-/picomatch-2.3.1.tgz"
  integrity sha512-JU3teHTNjmE2VCGFzuY8EXzCDVwEqB2a8fsIvwaStHhAWJEeVd1o1QD80CU6+ZdEXXSLbSsuLwJjkCBWqRQUVA==

tailwindcss-animate@^1.0.7:
  version "1.0.7"
  resolved "https://registry.npmjs.org/tailwindcss-animate/-/tailwindcss-animate-1.0.7.tgz"
  integrity sha512-bl6mpH3T7I3UFxuvDEXLxy/VuFxBk5bbzplh7tXI68mwMokNYd1t9qPBHlnyTwfa4JGC4zP516I1hYYtQ/vspA==

tailwindcss@^4.0.9, "tailwindcss@>=3.0.0 || insiders", tailwindcss@4.0.9:
  version "4.0.9"
  resolved "https://registry.npmjs.org/tailwindcss/-/tailwindcss-4.0.9.tgz"
  integrity sha512-12laZu+fv1ONDRoNR9ipTOpUD7RN9essRVkX36sjxuRUInpN7hIiHN4lBd/SIFjbISvnXzp8h/hXzmU8SQQYhw==

tapable@^2.2.0:
  version "2.2.1"
  resolved "https://registry.npmjs.org/tapable/-/tapable-2.2.1.tgz"
  integrity sha512-GNzQvQTOIP6RyTfE2Qxb8ZVlNmw0n88vp1szwWRimP02mnTsx3Wtn5qRdqY9w2XduFNUgvOwhNnQsjwCp+kqaQ==

to-regex-range@^5.0.1:
  version "5.0.1"
  resolved "https://registry.npmjs.org/to-regex-range/-/to-regex-range-5.0.1.tgz"
  integrity sha512-65P7iz6X5yEr1cwcgvQxbbIw7Uk3gOy5dIdtZ4rDveLqhrdJP+Li/Hx6tyK0NEb+2GCyneCMJiGqrADCSNk8sQ==
  dependencies:
    is-number "^7.0.0"

yarn@^1.22.22:
  version "1.22.22"
  resolved "https://registry.npmjs.org/yarn/-/yarn-1.22.22.tgz"
  integrity sha512-prL3kGtyG7o9Z9Sv8IPfBNrWTDmXB4Qbes8A9rEzt6wkJV8mUvoirjU0Mp3GGAU06Y0XQyA3/2/RQFVuK7MTfg==
